
Microsoft Visual Studio Solution File, Format Version 12.00
Project("{FAE04EC0-301F-11D3-BF4B-00C04F79EFBC}") = "consolechat", "consolechat.csproj", "{FE1CF9D3-C473-4202-AD14-74B01687E3FE}"
EndProject
Global
	GlobalSection(SolutionConfigurationPlatforms) = preSolution
		Debug|Any CPU = Debug|Any CPU
		Release|Any CPU = Release|Any CPU
	EndGlobalSection
	GlobalSection(ProjectConfigurationPlatforms) = postSolution
		{FE1CF9D3-C473-4202-AD14-74B01687E3FE}.Debug|Any CPU.ActiveCfg = Debug|Any CPU
		{FE1CF9D3-C473-4202-AD14-74B01687E3FE}.Debug|Any CPU.Build.0 = Debug|Any CPU
		{FE1CF9D3-C473-4202-AD14-74B01687E3FE}.Release|Any CPU.ActiveCfg = Release|Any CPU
		{FE1CF9D3-C473-4202-AD14-74B01687E3FE}.Release|Any CPU.Build.0 = Release|Any CPU
	EndGlobalSection
EndGlobal
